
Microsoft Visual Studio Solution File, Format Version 11.00
# Visual Studio 2010
Project("{FAE04EC0-301F-11D3-BF4B-00C04F79EFBC}") = "ReferenceDataManager", "ReferenceDataManager\ReferenceDataManager.csproj", "{1EE783D4-45F1-4D12-9D52-04A7B96C84FC}"
EndProject
Project("{FAE04EC0-301F-11D3-BF4B-00C04F79EFBC}") = "ReferenceDataManager.Tests", "ReferenceDataManager.Tests\ReferenceDataManager.Tests.csproj", "{8E28D35E-4A88-4481-8663-6DADD51FE838}"
EndProject
Project("{FAE04EC0-301F-11D3-BF4B-00C04F79EFBC}") = "ReferenceDataManager.Sample.OrgHierarchy", "ReferenceDataManager.Sample.OrgHierarchy\ReferenceDataManager.Sample.OrgHierarchy.csproj", "{3F0C67E2-ED65-4773-8149-F29EE2CC04D6}"
EndProject
Project("{FAE04EC0-301F-11D3-BF4B-00C04F79EFBC}") = "ReferenceDataManager.RavenDB", "ReferenceDataManager.RavenDB\ReferenceDataManager.RavenDB.csproj", "{6DDA2275-DA24-41B0-A2D2-6F443620E36E}"
EndProject
Project("{FAE04EC0-301F-11D3-BF4B-00C04F79EFBC}") = "ReferenceDataManager.Sample.Web", "ReferenceDataManager.Sample.Web\ReferenceDataManager.Sample.Web.csproj", "{79D9B244-A735-4E4E-B6EA-21274E5793B4}"
EndProject
Global
	GlobalSection(SolutionConfigurationPlatforms) = preSolution
		Debug|Any CPU = Debug|Any CPU
		Release|Any CPU = Release|Any CPU
	EndGlobalSection
	GlobalSection(ProjectConfigurationPlatforms) = postSolution
		{1EE783D4-45F1-4D12-9D52-04A7B96C84FC}.Debug|Any CPU.ActiveCfg = Debug|Any CPU
		{1EE783D4-45F1-4D12-9D52-04A7B96C84FC}.Debug|Any CPU.Build.0 = Debug|Any CPU
		{1EE783D4-45F1-4D12-9D52-04A7B96C84FC}.Release|Any CPU.ActiveCfg = Release|Any CPU
		{1EE783D4-45F1-4D12-9D52-04A7B96C84FC}.Release|Any CPU.Build.0 = Release|Any CPU
		{8E28D35E-4A88-4481-8663-6DADD51FE838}.Debug|Any CPU.ActiveCfg = Debug|Any CPU
		{8E28D35E-4A88-4481-8663-6DADD51FE838}.Debug|Any CPU.Build.0 = Debug|Any CPU
		{8E28D35E-4A88-4481-8663-6DADD51FE838}.Release|Any CPU.ActiveCfg = Release|Any CPU
		{8E28D35E-4A88-4481-8663-6DADD51FE838}.Release|Any CPU.Build.0 = Release|Any CPU
		{3F0C67E2-ED65-4773-8149-F29EE2CC04D6}.Debug|Any CPU.ActiveCfg = Debug|Any CPU
		{3F0C67E2-ED65-4773-8149-F29EE2CC04D6}.Debug|Any CPU.Build.0 = Debug|Any CPU
		{3F0C67E2-ED65-4773-8149-F29EE2CC04D6}.Release|Any CPU.ActiveCfg = Release|Any CPU
		{3F0C67E2-ED65-4773-8149-F29EE2CC04D6}.Release|Any CPU.Build.0 = Release|Any CPU
		{6DDA2275-DA24-41B0-A2D2-6F443620E36E}.Debug|Any CPU.ActiveCfg = Debug|Any CPU
		{6DDA2275-DA24-41B0-A2D2-6F443620E36E}.Debug|Any CPU.Build.0 = Debug|Any CPU
		{6DDA2275-DA24-41B0-A2D2-6F443620E36E}.Release|Any CPU.ActiveCfg = Release|Any CPU
		{6DDA2275-DA24-41B0-A2D2-6F443620E36E}.Release|Any CPU.Build.0 = Release|Any CPU
		{79D9B244-A735-4E4E-B6EA-21274E5793B4}.Debug|Any CPU.ActiveCfg = Debug|Any CPU
		{79D9B244-A735-4E4E-B6EA-21274E5793B4}.Debug|Any CPU.Build.0 = Debug|Any CPU
		{79D9B244-A735-4E4E-B6EA-21274E5793B4}.Release|Any CPU.ActiveCfg = Release|Any CPU
		{79D9B244-A735-4E4E-B6EA-21274E5793B4}.Release|Any CPU.Build.0 = Release|Any CPU
	EndGlobalSection
	GlobalSection(SolutionProperties) = preSolution
		HideSolutionNode = FALSE
	EndGlobalSection
EndGlobal
